
Microsoft Visual Studio Solution File, Format Version 12.00
# Visual Studio Version 16
VisualStudioVersion = 16.0.31729.503
MinimumVisualStudioVersion = 10.0.40219.1
Project("{9A19103F-16F7-4668-BE54-9A1E7A4F7556}") = "EntityLayer", "EntityLayer\EntityLayer.csproj", "{C93E2283-6678-42F8-8DC3-D67CDFAAB92D}"
EndProject
Project("{9A19103F-16F7-4668-BE54-9A1E7A4F7556}") = "DataAccessLayer", "DataAccessLayer\DataAccessLayer.csproj", "{1E3EA55D-084E-4654-9A9A-CC56CB7EB90A}"
EndProject
Project("{9A19103F-16F7-4668-BE54-9A1E7A4F7556}") = "BusinessLayer", "BusinessLayer\BusinessLayer.csproj", "{5917A384-DE20-4E04-B428-60731BF90A8B}"
EndProject
Project("{9A19103F-16F7-4668-BE54-9A1E7A4F7556}") = "IoTMVC", "IoTMVC\IoTMVC.csproj", "{A94095A1-7789-4E55-8376-D024F69F0E97}"
EndProject
Project("{FAE04EC0-301F-11D3-BF4B-00C04F79EFBC}") = "IoTAtmosphericGasesAPI", "IoTAtmosphericGasesAPI\IoTAtmosphericGasesAPI.csproj", "{11A47DE9-EC71-4D9E-B5B0-79569DC4370A}"
EndProject
Global
	GlobalSection(SolutionConfigurationPlatforms) = preSolution
		Debug|Any CPU = Debug|Any CPU
		Release|Any CPU = Release|Any CPU
	EndGlobalSection
	GlobalSection(ProjectConfigurationPlatforms) = postSolution
		{C93E2283-6678-42F8-8DC3-D67CDFAAB92D}.Debug|Any CPU.ActiveCfg = Debug|Any CPU
		{C93E2283-6678-42F8-8DC3-D67CDFAAB92D}.Debug|Any CPU.Build.0 = Debug|Any CPU
		{C93E2283-6678-42F8-8DC3-D67CDFAAB92D}.Release|Any CPU.ActiveCfg = Release|Any CPU
		{C93E2283-6678-42F8-8DC3-D67CDFAAB92D}.Release|Any CPU.Build.0 = Release|Any CPU
		{1E3EA55D-084E-4654-9A9A-CC56CB7EB90A}.Debug|Any CPU.ActiveCfg = Debug|Any CPU
		{1E3EA55D-084E-4654-9A9A-CC56CB7EB90A}.Debug|Any CPU.Build.0 = Debug|Any CPU
		{1E3EA55D-084E-4654-9A9A-CC56CB7EB90A}.Release|Any CPU.ActiveCfg = Release|Any CPU
		{1E3EA55D-084E-4654-9A9A-CC56CB7EB90A}.Release|Any CPU.Build.0 = Release|Any CPU
		{5917A384-DE20-4E04-B428-60731BF90A8B}.Debug|Any CPU.ActiveCfg = Debug|Any CPU
		{5917A384-DE20-4E04-B428-60731BF90A8B}.Debug|Any CPU.Build.0 = Debug|Any CPU
		{5917A384-DE20-4E04-B428-60731BF90A8B}.Release|Any CPU.ActiveCfg = Release|Any CPU
		{5917A384-DE20-4E04-B428-60731BF90A8B}.Release|Any CPU.Build.0 = Release|Any CPU
		{A94095A1-7789-4E55-8376-D024F69F0E97}.Debug|Any CPU.ActiveCfg = Debug|Any CPU
		{A94095A1-7789-4E55-8376-D024F69F0E97}.Debug|Any CPU.Build.0 = Debug|Any CPU
		{A94095A1-7789-4E55-8376-D024F69F0E97}.Release|Any CPU.ActiveCfg = Release|Any CPU
		{A94095A1-7789-4E55-8376-D024F69F0E97}.Release|Any CPU.Build.0 = Release|Any CPU
		{11A47DE9-EC71-4D9E-B5B0-79569DC4370A}.Debug|Any CPU.ActiveCfg = Debug|Any CPU
		{11A47DE9-EC71-4D9E-B5B0-79569DC4370A}.Debug|Any CPU.Build.0 = Debug|Any CPU
		{11A47DE9-EC71-4D9E-B5B0-79569DC4370A}.Release|Any CPU.ActiveCfg = Release|Any CPU
		{11A47DE9-EC71-4D9E-B5B0-79569DC4370A}.Release|Any CPU.Build.0 = Release|Any CPU
	EndGlobalSection
	GlobalSection(SolutionProperties) = preSolution
		HideSolutionNode = FALSE
	EndGlobalSection
	GlobalSection(ExtensibilityGlobals) = postSolution
		SolutionGuid = {179D9F92-2777-41B2-81F5-1A9209EB9AC5}
	EndGlobalSection
EndGlobal
